// !$*UTF8*$!
{
	archiveVersion = 1;
	classes = {
	};
	objectVersion = 48;
	objects = {

/* Begin PBXBuildFile section */
		2D1040EE204F48F30053475F /* Grid.swift in Sources */ = {isa = PBXBuildFile; fileRef = 2D1040ED204F48F30053475F /* Grid.swift */; };
		2D4A0EFC2012C39D00E4E526 /* AppDelegate.swift in Sources */ = {isa = PBXBuildFile; fileRef = 2D4A0EFB2012C39D00E4E526 /* AppDelegate.swift */; };
		2D4A0EFE2012C39D00E4E526 /* ViewController.swift in Sources */ = {isa = PBXBuildFile; fileRef = 2D4A0EFD2012C39D00E4E526 /* ViewController.swift */; };
		2D4A0F012012C39D00E4E526 /* Main.storyboard in Resources */ = {isa = PBXBuildFile; fileRef = 2D4A0EFF2012C39D00E4E526 /* Main.storyboard */; };
		2D4A0F032012C39D00E4E526 /* Assets.xcassets in Resources */ = {isa = PBXBuildFile; fileRef = 2D4A0F022012C39D00E4E526 /* Assets.xcassets */; };
		2D4A0F062012C39D00E4E526 /* LaunchScreen.storyboard in Resources */ = {isa = PBXBuildFile; fileRef = 2D4A0F042012C39D00E4E526 /* LaunchScreen.storyboard */; };
		2D4A707C2051F0A8000B81CD /* GridTests.swift in Sources */ = {isa = PBXBuildFile; fileRef = 2D4A707B2051F0A8000B81CD /* GridTests.swift */; };
		2DD56B7520697E2500BC35AF /* GridView.swift in Sources */ = {isa = PBXBuildFile; fileRef = 2DD56B7420697E2500BC35AF /* GridView.swift */; };
		2DF59000206EADB100EA6EBF /* GridConverter.swift in Sources */ = {isa = PBXBuildFile; fileRef = 2DF58FFF206EADB100EA6EBF /* GridConverter.swift */; };
		2DF59002206ECBE800EA6EBF /* GridConverterTests.swift in Sources */ = {isa = PBXBuildFile; fileRef = 2DF59001206ECBE800EA6EBF /* GridConverterTests.swift */; };
		2DFE56E4207577A500809D20 /* AudioKit.framework in Frameworks */ = {isa = PBXBuildFile; fileRef = 2DFE56E2207577A500809D20 /* AudioKit.framework */; };
/* End PBXBuildFile section */

/* Begin PBXContainerItemProxy section */
		2D4A0F0D2012C39D00E4E526 /* PBXContainerItemProxy */ = {
			isa = PBXContainerItemProxy;
			containerPortal = 2D4A0EF02012C39D00E4E526 /* Project object */;
			proxyType = 1;
			remoteGlobalIDString = 2D4A0EF72012C39D00E4E526;
			remoteInfo = mk;
		};
/* End PBXContainerItemProxy section */

/* Begin PBXCopyFilesBuildPhase section */
		2D4A0F1E2012C65000E4E526 /* Embed Frameworks */ = {
			isa = PBXCopyFilesBuildPhase;
			buildActionMask = 2147483647;
			dstPath = "";
			dstSubfolderSpec = 10;
			files = (
			);
			name = "Embed Frameworks";
			runOnlyForDeploymentPostprocessing = 0;
		};
/* End PBXCopyFilesBuildPhase section */

/* Begin PBXFileReference section */
		2D1040ED204F48F30053475F /* Grid.swift */ = {isa = PBXFileReference; lastKnownFileType = sourcecode.swift; path = Grid.swift; sourceTree = "<group>"; };
		2D4A0EF82012C39D00E4E526 /* mk.app */ = {isa = PBXFileReference; explicitFileType = wrapper.application; includeInIndex = 0; path = mk.app; sourceTree = BUILT_PRODUCTS_DIR; };
		2D4A0EFB2012C39D00E4E526 /* AppDelegate.swift */ = {isa = PBXFileReference; lastKnownFileType = sourcecode.swift; path = AppDelegate.swift; sourceTree = "<group>"; };
		2D4A0EFD2012C39D00E4E526 /* ViewController.swift */ = {isa = PBXFileReference; lastKnownFileType = sourcecode.swift; path = ViewController.swift; sourceTree = "<group>"; };
		2D4A0F002012C39D00E4E526 /* Base */ = {isa = PBXFileReference; lastKnownFileType = file.storyboard; name = Base; path = Base.lproj/Main.storyboard; sourceTree = "<group>"; };
		2D4A0F022012C39D00E4E526 /* Assets.xcassets */ = {isa = PBXFileReference; lastKnownFileType = folder.assetcatalog; path = Assets.xcassets; sourceTree = "<group>"; };
		2D4A0F052012C39D00E4E526 /* Base */ = {isa = PBXFileReference; lastKnownFileType = file.storyboard; name = Base; path = Base.lproj/LaunchScreen.storyboard; sourceTree = "<group>"; };
		2D4A0F072012C39D00E4E526 /* Info.plist */ = {isa = PBXFileReference; lastKnownFileType = text.plist.xml; path = Info.plist; sourceTree = "<group>"; };
		2D4A0F0C2012C39D00E4E526 /* mkTests.xctest */ = {isa = PBXFileReference; explicitFileType = wrapper.cfbundle; includeInIndex = 0; path = mkTests.xctest; sourceTree = BUILT_PRODUCTS_DIR; };
		2D4A0F122012C39D00E4E526 /* Info.plist */ = {isa = PBXFileReference; lastKnownFileType = text.plist.xml; path = Info.plist; sourceTree = "<group>"; };
		2D4A707B2051F0A8000B81CD /* GridTests.swift */ = {isa = PBXFileReference; lastKnownFileType = sourcecode.swift; path = GridTests.swift; sourceTree = "<group>"; };
		2DD56B7420697E2500BC35AF /* GridView.swift */ = {isa = PBXFileReference; lastKnownFileType = sourcecode.swift; path = GridView.swift; sourceTree = "<group>"; };
		2DF58FFF206EADB100EA6EBF /* GridConverter.swift */ = {isa = PBXFileReference; lastKnownFileType = sourcecode.swift; path = GridConverter.swift; sourceTree = "<group>"; };
		2DF59001206ECBE800EA6EBF /* GridConverterTests.swift */ = {isa = PBXFileReference; lastKnownFileType = sourcecode.swift; path = GridConverterTests.swift; sourceTree = "<group>"; };
		2DFE56E2207577A500809D20 /* AudioKit.framework */ = {isa = PBXFileReference; lastKnownFileType = wrapper.framework; name = AudioKit.framework; path = ../Frameworks/AudioKit.framework; sourceTree = "<group>"; };
		2DFE56E3207577A500809D20 /* AudioKitUI.framework */ = {isa = PBXFileReference; lastKnownFileType = wrapper.framework; name = AudioKitUI.framework; path = ../Frameworks/AudioKitUI.framework; sourceTree = "<group>"; };
/* End PBXFileReference section */

/* Begin PBXFrameworksBuildPhase section */
		2D4A0EF52012C39D00E4E526 /* Frameworks */ = {
			isa = PBXFrameworksBuildPhase;
			buildActionMask = 2147483647;
			files = (
				2DFE56E4207577A500809D20 /* AudioKit.framework in Frameworks */,
			);
			runOnlyForDeploymentPostprocessing = 0;
		};
		2D4A0F092012C39D00E4E526 /* Frameworks */ = {
			isa = PBXFrameworksBuildPhase;
			buildActionMask = 2147483647;
			files = (
			);
			runOnlyForDeploymentPostprocessing = 0;
		};
/* End PBXFrameworksBuildPhase section */

/* Begin PBXGroup section */
		2D1040EC204F48DF0053475F /* Structures */ = {
			isa = PBXGroup;
			children = (
				2D1040ED204F48F30053475F /* Grid.swift */,
				2DD56B7420697E2500BC35AF /* GridView.swift */,
				2DF58FFF206EADB100EA6EBF /* GridConverter.swift */,
			);
			path = Structures;
			sourceTree = "<group>";
		};
		2D4A0EEF2012C39D00E4E526 = {
			isa = PBXGroup;
			children = (
				2D4A0EFA2012C39D00E4E526 /* mk */,
				2D4A0F0F2012C39D00E4E526 /* mkTests */,
				2D4A0EF92012C39D00E4E526 /* Products */,
				2DFE56E1207577A500809D20 /* Frameworks */,
			);
			sourceTree = "<group>";
		};
		2D4A0EF92012C39D00E4E526 /* Products */ = {
			isa = PBXGroup;
			children = (
				2D4A0EF82012C39D00E4E526 /* mk.app */,
				2D4A0F0C2012C39D00E4E526 /* mkTests.xctest */,
			);
			name = Products;
			sourceTree = "<group>";
		};
		2D4A0EFA2012C39D00E4E526 /* mk */ = {
			isa = PBXGroup;
			children = (
				2D4A0EFB2012C39D00E4E526 /* AppDelegate.swift */,
				2D4A0EFD2012C39D00E4E526 /* ViewController.swift */,
				2D1040EC204F48DF0053475F /* Structures */,
				2D4A0EFF2012C39D00E4E526 /* Main.storyboard */,
				2D4A0F022012C39D00E4E526 /* Assets.xcassets */,
				2D4A0F042012C39D00E4E526 /* LaunchScreen.storyboard */,
				2D4A0F072012C39D00E4E526 /* Info.plist */,
			);
			path = mk;
			sourceTree = "<group>";
		};
		2D4A0F0F2012C39D00E4E526 /* mkTests */ = {
			isa = PBXGroup;
			children = (
				2D4A0F122012C39D00E4E526 /* Info.plist */,
				2D4A707B2051F0A8000B81CD /* GridTests.swift */,
				2DF59001206ECBE800EA6EBF /* GridConverterTests.swift */,
			);
			path = mkTests;
			sourceTree = "<group>";
		};
		2DFE56E1207577A500809D20 /* Frameworks */ = {
			isa = PBXGroup;
			children = (
				2DFE56E2207577A500809D20 /* AudioKit.framework */,
				2DFE56E3207577A500809D20 /* AudioKitUI.framework */,
			);
			name = Frameworks;
			sourceTree = "<group>";
		};
/* End PBXGroup section */

/* Begin PBXNativeTarget section */
		2D4A0EF72012C39D00E4E526 /* mk */ = {
			isa = PBXNativeTarget;
			buildConfigurationList = 2D4A0F152012C39E00E4E526 /* Build configuration list for PBXNativeTarget "mk" */;
			buildPhases = (
				2D4A0EF42012C39D00E4E526 /* Sources */,
				2D4A0EF52012C39D00E4E526 /* Frameworks */,
				2D4A0EF62012C39D00E4E526 /* Resources */,
				2D4A0F1E2012C65000E4E526 /* Embed Frameworks */,
			);
			buildRules = (
			);
			dependencies = (
			);
			name = mk;
			productName = mk;
			productReference = 2D4A0EF82012C39D00E4E526 /* mk.app */;
			productType = "com.apple.product-type.application";
		};
		2D4A0F0B2012C39D00E4E526 /* mkTests */ = {
			isa = PBXNativeTarget;
			buildConfigurationList = 2D4A0F182012C39E00E4E526 /* Build configuration list for PBXNativeTarget "mkTests" */;
			buildPhases = (
				2D4A0F082012C39D00E4E526 /* Sources */,
				2D4A0F092012C39D00E4E526 /* Frameworks */,
				2D4A0F0A2012C39D00E4E526 /* Resources */,
			);
			buildRules = (
			);
			dependencies = (
				2D4A0F0E2012C39D00E4E526 /* PBXTargetDependency */,
			);
			name = mkTests;
			productName = mkTests;
			productReference = 2D4A0F0C2012C39D00E4E526 /* mkTests.xctest */;
			productType = "com.apple.product-type.bundle.unit-test";
		};
/* End PBXNativeTarget section */

/* Begin PBXProject section */
		2D4A0EF02012C39D00E4E526 /* Project object */ = {
			isa = PBXProject;
			attributes = {
				LastSwiftUpdateCheck = 0920;
				LastUpgradeCheck = 0930;
				ORGANIZATIONNAME = "Grey Patterson";
				TargetAttributes = {
					2D4A0EF72012C39D00E4E526 = {
						CreatedOnToolsVersion = 9.2;
						ProvisioningStyle = Automatic;
					};
					2D4A0F0B2012C39D00E4E526 = {
						CreatedOnToolsVersion = 9.2;
						ProvisioningStyle = Automatic;
						TestTargetID = 2D4A0EF72012C39D00E4E526;
					};
				};
			};
			buildConfigurationList = 2D4A0EF32012C39D00E4E526 /* Build configuration list for PBXProject "mk" */;
			compatibilityVersion = "Xcode 8.0";
			developmentRegion = en;
			hasScannedForEncodings = 0;
			knownRegions = (
				en,
				Base,
			);
			mainGroup = 2D4A0EEF2012C39D00E4E526;
			productRefGroup = 2D4A0EF92012C39D00E4E526 /* Products */;
			projectDirPath = "";
			projectRoot = "";
			targets = (
				2D4A0EF72012C39D00E4E526 /* mk */,
				2D4A0F0B2012C39D00E4E526 /* mkTests */,
			);
		};
/* End PBXProject section */

/* Begin PBXResourcesBuildPhase section */
		2D4A0EF62012C39D00E4E526 /* Resources */ = {
			isa = PBXResourcesBuildPhase;
			buildActionMask = 2147483647;
			files = (
				2D4A0F062012C39D00E4E526 /* LaunchScreen.storyboard in Resources */,
				2D4A0F032012C39D00E4E526 /* Assets.xcassets in Resources */,
				2D4A0F012012C39D00E4E526 /* Main.storyboard in Resources */,
			);
			runOnlyForDeploymentPostprocessing = 0;
		};
		2D4A0F0A2012C39D00E4E526 /* Resources */ = {
			isa = PBXResourcesBuildPhase;
			buildActionMask = 2147483647;
			files = (
			);
			runOnlyForDeploymentPostprocessing = 0;
		};
/* End PBXResourcesBuildPhase section */

/* Begin PBXSourcesBuildPhase section */
		2D4A0EF42012C39D00E4E526 /* Sources */ = {
			isa = PBXSourcesBuildPhase;
			buildActionMask = 2147483647;
			files = (
				2DF59000206EADB100EA6EBF /* GridConverter.swift in Sources */,
				2D4A0EFE2012C39D00E4E526 /* ViewController.swift in Sources */,
				2D4A0EFC2012C39D00E4E526 /* AppDelegate.swift in Sources */,
				2DD56B7520697E2500BC35AF /* GridView.swift in Sources */,
				2D1040EE204F48F30053475F /* Grid.swift in Sources */,
			);
			runOnlyForDeploymentPostprocessing = 0;
		};
		2D4A0F082012C39D00E4E526 /* Sources */ = {
			isa = PBXSourcesBuildPhase;
			buildActionMask = 2147483647;
			files = (
				2DF59002206ECBE800EA6EBF /* GridConverterTests.swift in Sources */,
				2D4A707C2051F0A8000B81CD /* GridTests.swift in Sources */,
			);
			runOnlyForDeploymentPostprocessing = 0;
		};
/* End PBXSourcesBuildPhase section */

/* Begin PBXTargetDependency section */
		2D4A0F0E2012C39D00E4E526 /* PBXTargetDependency */ = {
			isa = PBXTargetDependency;
			target = 2D4A0EF72012C39D00E4E526 /* mk */;
			targetProxy = 2D4A0F0D2012C39D00E4E526 /* PBXContainerItemProxy */;
		};
/* End PBXTargetDependency section */

/* Begin PBXVariantGroup section */
		2D4A0EFF2012C39D00E4E526 /* Main.storyboard */ = {
			isa = PBXVariantGroup;
			children = (
				2D4A0F002012C39D00E4E526 /* Base */,
			);
			name = Main.storyboard;
			sourceTree = "<group>";
		};
		2D4A0F042012C39D00E4E526 /* LaunchScreen.storyboard */ = {
			isa = PBXVariantGroup;
			children = (
				2D4A0F052012C39D00E4E526 /* Base */,
			);
			name = LaunchScreen.storyboard;
			sourceTree = "<group>";
		};
/* End PBXVariantGroup section */

/* Begin XCBuildConfiguration section */
		2D4A0F132012C39E00E4E526 /* Debug */ = {
			isa = XCBuildConfiguration;
			buildSettings = {
				ALWAYS_SEARCH_USER_PATHS = NO;
				CLANG_ANALYZER_NONNULL = YES;
				CLANG_ANALYZER_NUMBER_OBJECT_CONVERSION = YES_AGGRESSIVE;
				CLANG_CXX_LANGUAGE_STANDARD = "gnu++14";
				CLANG_CXX_LIBRARY = "libc++";
				CLANG_ENABLE_MODULES = YES;
				CLANG_ENABLE_OBJC_ARC = YES;
				CLANG_WARN_BLOCK_CAPTURE_AUTORELEASING = YES;
				CLANG_WARN_BOOL_CONVERSION = YES;
				CLANG_WARN_COMMA = YES;
				CLANG_WARN_CONSTANT_CONVERSION = YES;
				CLANG_WARN_DEPRECATED_OBJC_IMPLEMENTATIONS = YES;
				CLANG_WARN_DIRECT_OBJC_ISA_USAGE = YES_ERROR;
				CLANG_WARN_DOCUMENTATION_COMMENTS = YES;
				CLANG_WARN_EMPTY_BODY = YES;
				CLANG_WARN_ENUM_CONVERSION = YES;
				CLANG_WARN_INFINITE_RECURSION = YES;
				CLANG_WARN_INT_CONVERSION = YES;
				CLANG_WARN_NON_LITERAL_NULL_CONVERSION = YES;
				CLANG_WARN_OBJC_IMPLICIT_RETAIN_SELF = YES;
				CLANG_WARN_OBJC_LITERAL_CONVERSION = YES;
				CLANG_WARN_OBJC_ROOT_CLASS = YES_ERROR;
				CLANG_WARN_RANGE_LOOP_ANALYSIS = YES;
				CLANG_WARN_STRICT_PROTOTYPES = YES;
				CLANG_WARN_SUSPICIOUS_MOVE = YES;
				CLANG_WARN_UNGUARDED_AVAILABILITY = YES_AGGRESSIVE;
				CLANG_WARN_UNREACHABLE_CODE = YES;
				CLANG_WARN__DUPLICATE_METHOD_MATCH = YES;
				CODE_SIGN_IDENTITY = "iPhone Developer";
				COPY_PHASE_STRIP = NO;
				DEBUG_INFORMATION_FORMAT = dwarf;
				ENABLE_BITCODE = YES;
				ENABLE_STRICT_OBJC_MSGSEND = YES;
				ENABLE_TESTABILITY = YES;
				GCC_C_LANGUAGE_STANDARD = gnu11;
				GCC_DYNAMIC_NO_PIC = NO;
				GCC_NO_COMMON_BLOCKS = YES;
				GCC_OPTIMIZATION_LEVEL = 0;
				GCC_PREPROCESSOR_DEFINITIONS = (
					"DEBUG=1",
					"$(inherited)",
				);
				GCC_WARN_64_TO_32_BIT_CONVERSION = YES;
				GCC_WARN_ABOUT_RETURN_TYPE = YES_ERROR;
				GCC_WARN_UNDECLARED_SELECTOR = YES;
				GCC_WARN_UNINITIALIZED_AUTOS = YES_AGGRESSIVE;
				GCC_WARN_UNUSED_FUNCTION = YES;
				GCC_WARN_UNUSED_VARIABLE = YES;
				IPHONEOS_DEPLOYMENT_TARGET = 11.2;
				MTL_ENABLE_DEBUG_INFO = YES;
				ONLY_ACTIVE_ARCH = YES;
				SDKROOT = iphoneos;
				SWIFT_ACTIVE_COMPILATION_CONDITIONS = DEBUG;
				SWIFT_OPTIMIZATION_LEVEL = "-Onone";
			};
			name = Debug;
		};
		2D4A0F142012C39E00E4E526 /* Release */ = {
			isa = XCBuildConfiguration;
			buildSettings = {
				ALWAYS_SEARCH_USER_PATHS = NO;
				CLANG_ANALYZER_NONNULL = YES;
				CLANG_ANALYZER_NUMBER_OBJECT_CONVERSION = YES_AGGRESSIVE;
				CLANG_CXX_LANGUAGE_STANDARD = "gnu++14";
				CLANG_CXX_LIBRARY = "libc++";
				CLANG_ENABLE_MODULES = YES;
				CLANG_ENABLE_OBJC_ARC = YES;
				CLANG_WARN_BLOCK_CAPTURE_AUTORELEASING = YES;
				CLANG_WARN_BOOL_CONVERSION = YES;
				CLANG_WARN_COMMA = YES;
				CLANG_WARN_CONSTANT_CONVERSION = YES;
				CLANG_WARN_DEPRECATED_OBJC_IMPLEMENTATIONS = YES;
				CLANG_WARN_DIRECT_OBJC_ISA_USAGE = YES_ERROR;
				CLANG_WARN_DOCUMENTATION_COMMENTS = YES;
				CLANG_WARN_EMPTY_BODY = YES;
				CLANG_WARN_ENUM_CONVERSION = YES;
				CLANG_WARN_INFINITE_RECURSION = YES;
				CLANG_WARN_INT_CONVERSION = YES;
				CLANG_WARN_NON_LITERAL_NULL_CONVERSION = YES;
				CLANG_WARN_OBJC_IMPLICIT_RETAIN_SELF = YES;
				CLANG_WARN_OBJC_LITERAL_CONVERSION = YES;
				CLANG_WARN_OBJC_ROOT_CLASS = YES_ERROR;
				CLANG_WARN_RANGE_LOOP_ANALYSIS = YES;
				CLANG_WARN_STRICT_PROTOTYPES = YES;
				CLANG_WARN_SUSPICIOUS_MOVE = YES;
				CLANG_WARN_UNGUARDED_AVAILABILITY = YES_AGGRESSIVE;
				CLANG_WARN_UNREACHABLE_CODE = YES;
				CLANG_WARN__DUPLICATE_METHOD_MATCH = YES;
				CODE_SIGN_IDENTITY = "iPhone Developer";
				COPY_PHASE_STRIP = NO;
				DEBUG_INFORMATION_FORMAT = "dwarf-with-dsym";
				ENABLE_BITCODE = YES;
				ENABLE_NS_ASSERTIONS = NO;
				ENABLE_STRICT_OBJC_MSGSEND = YES;
				GCC_C_LANGUAGE_STANDARD = gnu11;
				GCC_NO_COMMON_BLOCKS = YES;
				GCC_WARN_64_TO_32_BIT_CONVERSION = YES;
				GCC_WARN_ABOUT_RETURN_TYPE = YES_ERROR;
				GCC_WARN_UNDECLARED_SELECTOR = YES;
				GCC_WARN_UNINITIALIZED_AUTOS = YES_AGGRESSIVE;
				GCC_WARN_UNUSED_FUNCTION = YES;
				GCC_WARN_UNUSED_VARIABLE = YES;
				IPHONEOS_DEPLOYMENT_TARGET = 11.2;
				MTL_ENABLE_DEBUG_INFO = NO;
				SDKROOT = iphoneos;
				SWIFT_OPTIMIZATION_LEVEL = "-Owholemodule";
				VALIDATE_PRODUCT = YES;
			};
			name = Release;
		};
		2D4A0F162012C39E00E4E526 /* Debug */ = {
			isa = XCBuildConfiguration;
			buildSettings = {
				ASSETCATALOG_COMPILER_APPICON_NAME = AppIcon;
				CODE_SIGN_STYLE = Automatic;
				DEVELOPMENT_TEAM = W6KVFT267T;
				FRAMEWORK_SEARCH_PATHS = (
					"$(inherited)",
					"$(PROJECT_DIR)",
					"\"$(SRCROOT)/../Frameworks\"",
				);
				INFOPLIST_FILE = mk/Info.plist;
				LD_RUNPATH_SEARCH_PATHS = "$(inherited) @executable_path/Frameworks";
				OTHER_LDFLAGS = "-lstdc++";
				PRODUCT_BUNDLE_IDENTIFIER = net.twoeighty.mk;
				PRODUCT_NAME = "$(TARGET_NAME)";
				SWIFT_VERSION = 4.0;
				TARGETED_DEVICE_FAMILY = "1,2";
			};
			name = Debug;
		};
		2D4A0F172012C39E00E4E526 /* Release */ = {
			isa = XCBuildConfiguration;
			buildSettings = {
				ASSETCATALOG_COMPILER_APPICON_NAME = AppIcon;
				CODE_SIGN_STYLE = Automatic;
				DEVELOPMENT_TEAM = W6KVFT267T;
				FRAMEWORK_SEARCH_PATHS = (
					"$(inherited)",
					"$(PROJECT_DIR)",
					"\"$(SRCROOT)/../Frameworks\"",
				);
				INFOPLIST_FILE = mk/Info.plist;
				LD_RUNPATH_SEARCH_PATHS = "$(inherited) @executable_path/Frameworks";
				OTHER_LDFLAGS = "-lstdc++";
				PRODUCT_BUNDLE_IDENTIFIER = net.twoeighty.mk;
				PRODUCT_NAME = "$(TARGET_NAME)";
				SWIFT_VERSION = 4.0;
				TARGETED_DEVICE_FAMILY = "1,2";
			};
			name = Release;
		};
		2D4A0F192012C39E00E4E526 /* Debug */ = {
			isa = XCBuildConfiguration;
			buildSettings = {
				ALWAYS_EMBED_SWIFT_STANDARD_LIBRARIES = YES;
				BUNDLE_LOADER = "$(TEST_HOST)";
				CODE_SIGN_STYLE = Automatic;
				DEVELOPMENT_TEAM = W6KVFT267T;
				INFOPLIST_FILE = mkTests/Info.plist;
				LD_RUNPATH_SEARCH_PATHS = "$(inherited) @executable_path/Frameworks @loader_path/Frameworks";
				PRODUCT_BUNDLE_IDENTIFIER = net.twoeighty.mkTests;
				PRODUCT_NAME = "$(TARGET_NAME)";
				SWIFT_VERSION = 4.0;
				TARGETED_DEVICE_FAMILY = "1,2";
				TEST_HOST = "$(BUILT_PRODUCTS_DIR)/mk.app/mk";
			};
			name = Debug;
		};
		2D4A0F1A2012C39E00E4E526 /* Release */ = {
			isa = XCBuildConfiguration;
			buildSettings = {
				ALWAYS_EMBED_SWIFT_STANDARD_LIBRARIES = YES;
				BUNDLE_LOADER = "$(TEST_HOST)";
				CODE_SIGN_STYLE = Automatic;
				DEVELOPMENT_TEAM = W6KVFT267T;
				INFOPLIST_FILE = mkTests/Info.plist;
				LD_RUNPATH_SEARCH_PATHS = "$(inherited) @executable_path/Frameworks @loader_path/Frameworks";
				PRODUCT_BUNDLE_IDENTIFIER = net.twoeighty.mkTests;
				PRODUCT_NAME = "$(TARGET_NAME)";
				SWIFT_VERSION = 4.0;
				TARGETED_DEVICE_FAMILY = "1,2";
				TEST_HOST = "$(BUILT_PRODUCTS_DIR)/mk.app/mk";
			};
			name = Release;
		};
/* End XCBuildConfiguration section */

/* Begin XCConfigurationList section */
		2D4A0EF32012C39D00E4E526 /* Build configuration list for PBXProject "mk" */ = {
			isa = XCConfigurationList;
			buildConfigurations = (
				2D4A0F132012C39E00E4E526 /* Debug */,
				2D4A0F142012C39E00E4E526 /* Release */,
			);
			defaultConfigurationIsVisible = 0;
			defaultConfigurationName = Release;
		};
		2D4A0F152012C39E00E4E526 /* Build configuration list for PBXNativeTarget "mk" */ = {
			isa = XCConfigurationList;
			buildConfigurations = (
				2D4A0F162012C39E00E4E526 /* Debug */,
				2D4A0F172012C39E00E4E526 /* Release */,
			);
			defaultConfigurationIsVisible = 0;
			defaultConfigurationName = Release;
		};
		2D4A0F182012C39E00E4E526 /* Build configuration list for PBXNativeTarget "mkTests" */ = {
			isa = XCConfigurationList;
			buildConfigurations = (
				2D4A0F192012C39E00E4E526 /* Debug */,
				2D4A0F1A2012C39E00E4E526 /* Release */,
			);
			defaultConfigurationIsVisible = 0;
			defaultConfigurationName = Release;
		};
/* End XCConfigurationList section */
	};
	rootObject = 2D4A0EF02012C39D00E4E526 /* Project object */;
}
